PODS:
  - Alamofire (4.7.3)
  - ToolBox (0.1.2):
    - Alamofire

DEPENDENCIES:
  - ToolBox (from `../`)

SPEC REPOS:
  https://github.com/cocoapods/specs.git:
    - Alamofire

EXTERNAL SOURCES:
  ToolBox:
    :path: "../"

SPEC CHECKSUMS:
  Alamofire: c7287b6e5d7da964a70935e5db17046b7fde6568
  ToolBox: ca6acf42a2ede1c8a94ca78b942ec25c42303d9f

PODFILE CHECKSUM: 35f5dd34bdd008824b08760b9c634673ff909309

COCOAPODS: 1.5.3
