PODS:
  - Alamofire (4.7.3)
  - ToolBox (0.4.0):
    - Alamofire

DEPENDENCIES:
  - Alamofire (~> 4.7)
  - ToolBox (from `../`)

SPEC REPOS:
  https://github.com/cocoapods/specs.git:
    - Alamofire

EXTERNAL SOURCES:
  ToolBox:
    :path: "../"

SPEC CHECKSUMS:
  Alamofire: c7287b6e5d7da964a70935e5db17046b7fde6568
  ToolBox: e1dca6fc965ccdbe8ee92959efc6800b501136c4

PODFILE CHECKSUM: a015a94c06a223ff19f05f6fda7905b62641740c

COCOAPODS: 1.5.3
